{
  "nodes": {
    "nixpkgs": {
      "locked": {
        "lastModified": 1790323409,
        "narHash": "sha256-VVTPf+Hyd5ebpjBMHmrLMSBIeW6ls48Bqtosj7CNKLA=",
        "owner": "NixOS",
        "repo": "nixpkgs",
        "rev": "e94cb152ed51bd6e24eb4a41f1460252beb52cd2",
        "type": "github"
      },
      "original": {
        "owner": "NixOS",
        "ref": "nixos-unstable",
        "repo": "nixpkgs",
        "type": "github"
      }
    },
    "root": {
      "inputs": {
        "nixpkgs": "nixpkgs",
        "rust-overlay": "rust-overlay",
        "treefmt-nix": "treefmt-nix"
      }
    },
    "rust-overlay": {
      "inputs": {
        "nixpkgs": [
          "nixpkgs"
        ]
      },
      "locked": {
        "lastModified": 1791013993,
        "narHash": "sha256-BiFPwFsbFnZH5GfWbQFKYuQNg+67aNQCoRSRNTeJFQc=",
        "owner": "oxalica",
        "repo": "rust-overlay",
        "rev": "7470661ba2b51156048af08464b82020223dc942",
        "type": "github"
      },
      "original": {
        "owner": "oxalica",
        "repo": "rust-overlay",
        "type": "github"
      }
    },
    "treefmt-nix": {
      "inputs": {
        "nixpkgs": [
          "nixpkgs"
        ]
      },
      "locked": {
        "lastModified": 1790542030,
        "narHash": "sha256-U6m0B5+ALyOLYG4OVvtguLdem7iYgN6cIP5Q1RhM+g8=",
        "owner": "numtide",
        "repo": "treefmt-nix",
        "rev": "6aca3b3649eb1edf472eca3e91e6bcc0c84a6ad3",
        "type": "github"
      },
      "original": {
        "owner": "numtide",
        "repo": "treefmt-nix",
        "type": "github"
      }
    }
  },
  "root": "root",
  "version": 7
}
